
Microsoft Visual Studio Solution File, Format Version 12.00
# Visual Studio Version 17
VisualStudioVersion = 17.0.31903.59
MinimumVisualStudioVersion = 10.0.40219.1
Project("{2150E333-8FDC-42A3-9474-1A3956D46DE8}") = "src", "src", "{827E0CD3-B72D-47B6-A68D-7590B98EB39B}"
EndProject
Project("{FAE04EC0-301F-11D3-BF4B-00C04F79EFBC}") = "DuplicateVault.Core", "src\DuplicateVault.Core\DuplicateVault.Core.csproj", "{4247E5B3-9178-4EAE-90AB-B77E2A561B9B}"
EndProject
Project("{FAE04EC0-301F-11D3-BF4B-00C04F79EFBC}") = "DuplicateVault.Infrastructure", "src\DuplicateVault.Infrastructure\DuplicateVault.Infrastructure.csproj", "{0A30B321-CD08-425D-B65B-47DFDC9CDA71}"
EndProject
Project("{FAE04EC0-301F-11D3-BF4B-00C04F79EFBC}") = "DuplicateVault.Cli", "src\DuplicateVault.Cli\DuplicateVault.Cli.csproj", "{B57181C6-D994-4D44-90AE-CDEB0F5D66FA}"
EndProject
Project("{FAE04EC0-301F-11D3-BF4B-00C04F79EFBC}") = "DuplicateVault.App", "src\DuplicateVault.App\DuplicateVault.App.csproj", "{BC631367-34E5-434B-BAEC-A7CB8F4C72C2}"
EndProject
Project("{2150E333-8FDC-42A3-9474-1A3956D46DE8}") = "tests", "tests", "{0AB3BF05-4346-4AA6-1389-037BE0695223}"
EndProject
Project("{FAE04EC0-301F-11D3-BF4B-00C04F79EFBC}") = "DuplicateVault.Core.Tests", "tests\DuplicateVault.Core.Tests\DuplicateVault.Core.Tests.csproj", "{2433C1E4-DF7A-4225-9660-0CE9AA3916B6}"
EndProject
Project("{FAE04EC0-301F-11D3-BF4B-00C04F79EFBC}") = "DuplicateVault.Infrastructure.Tests", "tests\DuplicateVault.Infrastructure.Tests\DuplicateVault.Infrastructure.Tests.csproj", "{D242B942-C0F6-475C-B390-DC76A1F94F50}"
EndProject
Project("{FAE04EC0-301F-11D3-BF4B-00C04F79EFBC}") = "DuplicateVault.IntegrationTests", "tests\DuplicateVault.IntegrationTests\DuplicateVault.IntegrationTests.csproj", "{212941DB-6C59-4A71-AB03-68F39C0B712E}"
EndProject
Project("{2150E333-8FDC-42A3-9474-1A3956D46DE8}") = "tools", "tools", "{07C2787E-EAC7-C090-1BA3-A61EC2A24D84}"
EndProject
Project("{FAE04EC0-301F-11D3-BF4B-00C04F79EFBC}") = "DuplicateVault.BuildTools", "tools\DuplicateVault.BuildTools\DuplicateVault.BuildTools.csproj", "{82DA1FF9-DA11-430D-A11D-06C20245FAA5}"
EndProject
Global
	GlobalSection(SolutionConfigurationPlatforms) = preSolution
		Debug|Any CPU = Debug|Any CPU
		Debug|x64 = Debug|x64
		Debug|x86 = Debug|x86
		Release|Any CPU = Release|Any CPU
		Release|x64 = Release|x64
		Release|x86 = Release|x86
	EndGlobalSection
	GlobalSection(ProjectConfigurationPlatforms) = postSolution
		{4247E5B3-9178-4EAE-90AB-B77E2A561B9B}.Debug|Any CPU.ActiveCfg = Debug|Any CPU
		{4247E5B3-9178-4EAE-90AB-B77E2A561B9B}.Debug|Any CPU.Build.0 = Debug|Any CPU
		{4247E5B3-9178-4EAE-90AB-B77E2A561B9B}.Debug|x64.ActiveCfg = Debug|Any CPU
		{4247E5B3-9178-4EAE-90AB-B77E2A561B9B}.Debug|x64.Build.0 = Debug|Any CPU
		{4247E5B3-9178-4EAE-90AB-B77E2A561B9B}.Debug|x86.ActiveCfg = Debug|Any CPU
		{4247E5B3-9178-4EAE-90AB-B77E2A561B9B}.Debug|x86.Build.0 = Debug|Any CPU
		{4247E5B3-9178-4EAE-90AB-B77E2A561B9B}.Release|Any CPU.ActiveCfg = Release|Any CPU
		{4247E5B3-9178-4EAE-90AB-B77E2A561B9B}.Release|Any CPU.Build.0 = Release|Any CPU
		{4247E5B3-9178-4EAE-90AB-B77E2A561B9B}.Release|x64.ActiveCfg = Release|Any CPU
		{4247E5B3-9178-4EAE-90AB-B77E2A561B9B}.Release|x64.Build.0 = Release|Any CPU
		{4247E5B3-9178-4EAE-90AB-B77E2A561B9B}.Release|x86.ActiveCfg = Release|Any CPU
		{4247E5B3-9178-4EAE-90AB-B77E2A561B9B}.Release|x86.Build.0 = Release|Any CPU
		{0A30B321-CD08-425D-B65B-47DFDC9CDA71}.Debug|Any CPU.ActiveCfg = Debug|Any CPU
		{0A30B321-CD08-425D-B65B-47DFDC9CDA71}.Debug|Any CPU.Build.0 = Debug|Any CPU
		{0A30B321-CD08-425D-B65B-47DFDC9CDA71}.Debug|x64.ActiveCfg = Debug|Any CPU
		{0A30B321-CD08-425D-B65B-47DFDC9CDA71}.Debug|x64.Build.0 = Debug|Any CPU
		{0A30B321-CD08-425D-B65B-47DFDC9CDA71}.Debug|x86.ActiveCfg = Debug|Any CPU
		{0A30B321-CD08-425D-B65B-47DFDC9CDA71}.Debug|x86.Build.0 = Debug|Any CPU
		{0A30B321-CD08-425D-B65B-47DFDC9CDA71}.Release|Any CPU.ActiveCfg = Release|Any CPU
		{0A30B321-CD08-425D-B65B-47DFDC9CDA71}.Release|Any CPU.Build.0 = Release|Any CPU
		{0A30B321-CD08-425D-B65B-47DFDC9CDA71}.Release|x64.ActiveCfg = Release|Any CPU
		{0A30B321-CD08-425D-B65B-47DFDC9CDA71}.Release|x64.Build.0 = Release|Any CPU
		{0A30B321-CD08-425D-B65B-47DFDC9CDA71}.Release|x86.ActiveCfg = Release|Any CPU
		{0A30B321-CD08-425D-B65B-47DFDC9CDA71}.Release|x86.Build.0 = Release|Any CPU
		{B57181C6-D994-4D44-90AE-CDEB0F5D66FA}.Debug|Any CPU.ActiveCfg = Debug|Any CPU
		{B57181C6-D994-4D44-90AE-CDEB0F5D66FA}.Debug|Any CPU.Build.0 = Debug|Any CPU
		{B57181C6-D994-4D44-90AE-CDEB0F5D66FA}.Debug|x64.ActiveCfg = Debug|Any CPU
		{B57181C6-D994-4D44-90AE-CDEB0F5D66FA}.Debug|x64.Build.0 = Debug|Any CPU
		{B57181C6-D994-4D44-90AE-CDEB0F5D66FA}.Debug|x86.ActiveCfg = Debug|Any CPU
		{B57181C6-D994-4D44-90AE-CDEB0F5D66FA}.Debug|x86.Build.0 = Debug|Any CPU
		{B57181C6-D994-4D44-90AE-CDEB0F5D66FA}.Release|Any CPU.ActiveCfg = Release|Any CPU
		{B57181C6-D994-4D44-90AE-CDEB0F5D66FA}.Release|Any CPU.Build.0 = Release|Any CPU
		{B57181C6-D994-4D44-90AE-CDEB0F5D66FA}.Release|x64.ActiveCfg = Release|Any CPU
		{B57181C6-D994-4D44-90AE-CDEB0F5D66FA}.Release|x64.Build.0 = Release|Any CPU
		{B57181C6-D994-4D44-90AE-CDEB0F5D66FA}.Release|x86.ActiveCfg = Release|Any CPU
		{B57181C6-D994-4D44-90AE-CDEB0F5D66FA}.Release|x86.Build.0 = Release|Any CPU
		{BC631367-34E5-434B-BAEC-A7CB8F4C72C2}.Debug|Any CPU.ActiveCfg = Debug|Any CPU
		{BC631367-34E5-434B-BAEC-A7CB8F4C72C2}.Debug|Any CPU.Build.0 = Debug|Any CPU
		{BC631367-34E5-434B-BAEC-A7CB8F4C72C2}.Debug|x64.ActiveCfg = Debug|Any CPU
		{BC631367-34E5-434B-BAEC-A7CB8F4C72C2}.Debug|x64.Build.0 = Debug|Any CPU
		{BC631367-34E5-434B-BAEC-A7CB8F4C72C2}.Debug|x86.ActiveCfg = Debug|Any CPU
		{BC631367-34E5-434B-BAEC-A7CB8F4C72C2}.Debug|x86.Build.0 = Debug|Any CPU
		{BC631367-34E5-434B-BAEC-A7CB8F4C72C2}.Release|Any CPU.ActiveCfg = Release|Any CPU
		{BC631367-34E5-434B-BAEC-A7CB8F4C72C2}.Release|Any CPU.Build.0 = Release|Any CPU
		{BC631367-34E5-434B-BAEC-A7CB8F4C72C2}.Release|x64.ActiveCfg = Release|Any CPU
		{BC631367-34E5-434B-BAEC-A7CB8F4C72C2}.Release|x64.Build.0 = Release|Any CPU
		{BC631367-34E5-434B-BAEC-A7CB8F4C72C2}.Release|x86.ActiveCfg = Release|Any CPU
		{BC631367-34E5-434B-BAEC-A7CB8F4C72C2}.Release|x86.Build.0 = Release|Any CPU
		{2433C1E4-DF7A-4225-9660-0CE9AA3916B6}.Debug|Any CPU.ActiveCfg = Debug|Any CPU
		{2433C1E4-DF7A-4225-9660-0CE9AA3916B6}.Debug|Any CPU.Build.0 = Debug|Any CPU
		{2433C1E4-DF7A-4225-9660-0CE9AA3916B6}.Debug|x64.ActiveCfg = Debug|Any CPU
		{2433C1E4-DF7A-4225-9660-0CE9AA3916B6}.Debug|x64.Build.0 = Debug|Any CPU
		{2433C1E4-DF7A-4225-9660-0CE9AA3916B6}.Debug|x86.ActiveCfg = Debug|Any CPU
		{2433C1E4-DF7A-4225-9660-0CE9AA3916B6}.Debug|x86.Build.0 = Debug|Any CPU
		{2433C1E4-DF7A-4225-9660-0CE9AA3916B6}.Release|Any CPU.ActiveCfg = Release|Any CPU
		{2433C1E4-DF7A-4225-9660-0CE9AA3916B6}.Release|Any CPU.Build.0 = Release|Any CPU
		{2433C1E4-DF7A-4225-9660-0CE9AA3916B6}.Release|x64.ActiveCfg = Release|Any CPU
		{2433C1E4-DF7A-4225-9660-0CE9AA3916B6}.Release|x64.Build.0 = Release|Any CPU
		{2433C1E4-DF7A-4225-9660-0CE9AA3916B6}.Release|x86.ActiveCfg = Release|Any CPU
		{2433C1E4-DF7A-4225-9660-0CE9AA3916B6}.Release|x86.Build.0 = Release|Any CPU
		{D242B942-C0F6-475C-B390-DC76A1F94F50}.Debug|Any CPU.ActiveCfg = Debug|Any CPU
		{D242B942-C0F6-475C-B390-DC76A1F94F50}.Debug|Any CPU.Build.0 = Debug|Any CPU
		{D242B942-C0F6-475C-B390-DC76A1F94F50}.Debug|x64.ActiveCfg = Debug|Any CPU
		{D242B942-C0F6-475C-B390-DC76A1F94F50}.Debug|x64.Build.0 = Debug|Any CPU
		{D242B942-C0F6-475C-B390-DC76A1F94F50}.Debug|x86.ActiveCfg = Debug|Any CPU
		{D242B942-C0F6-475C-B390-DC76A1F94F50}.Debug|x86.Build.0 = Debug|Any CPU
		{D242B942-C0F6-475C-B390-DC76A1F94F50}.Release|Any CPU.ActiveCfg = Release|Any CPU
		{D242B942-C0F6-475C-B390-DC76A1F94F50}.Release|Any CPU.Build.0 = Release|Any CPU
		{D242B942-C0F6-475C-B390-DC76A1F94F50}.Release|x64.ActiveCfg = Release|Any CPU
		{D242B942-C0F6-475C-B390-DC76A1F94F50}.Release|x64.Build.0 = Release|Any CPU
		{D242B942-C0F6-475C-B390-DC76A1F94F50}.Release|x86.ActiveCfg = Release|Any CPU
		{D242B942-C0F6-475C-B390-DC76A1F94F50}.Release|x86.Build.0 = Release|Any CPU
		{212941DB-6C59-4A71-AB03-68F39C0B712E}.Debug|Any CPU.ActiveCfg = Debug|Any CPU
		{212941DB-6C59-4A71-AB03-68F39C0B712E}.Debug|Any CPU.Build.0 = Debug|Any CPU
		{212941DB-6C59-4A71-AB03-68F39C0B712E}.Debug|x64.ActiveCfg = Debug|Any CPU
		{212941DB-6C59-4A71-AB03-68F39C0B712E}.Debug|x64.Build.0 = Debug|Any CPU
		{212941DB-6C59-4A71-AB03-68F39C0B712E}.Debug|x86.ActiveCfg = Debug|Any CPU
		{212941DB-6C59-4A71-AB03-68F39C0B712E}.Debug|x86.Build.0 = Debug|Any CPU
		{212941DB-6C59-4A71-AB03-68F39C0B712E}.Release|Any CPU.ActiveCfg = Release|Any CPU
		{212941DB-6C59-4A71-AB03-68F39C0B712E}.Release|Any CPU.Build.0 = Release|Any CPU
		{212941DB-6C59-4A71-AB03-68F39C0B712E}.Release|x64.ActiveCfg = Release|Any CPU
		{212941DB-6C59-4A71-AB03-68F39C0B712E}.Release|x64.Build.0 = Release|Any CPU
		{212941DB-6C59-4A71-AB03-68F39C0B712E}.Release|x86.ActiveCfg = Release|Any CPU
		{212941DB-6C59-4A71-AB03-68F39C0B712E}.Release|x86.Build.0 = Release|Any CPU
		{82DA1FF9-DA11-430D-A11D-06C20245FAA5}.Debug|Any CPU.ActiveCfg = Debug|Any CPU
		{82DA1FF9-DA11-430D-A11D-06C20245FAA5}.Debug|Any CPU.Build.0 = Debug|Any CPU
		{82DA1FF9-DA11-430D-A11D-06C20245FAA5}.Debug|x64.ActiveCfg = Debug|Any CPU
		{82DA1FF9-DA11-430D-A11D-06C20245FAA5}.Debug|x64.Build.0 = Debug|Any CPU
		{82DA1FF9-DA11-430D-A11D-06C20245FAA5}.Debug|x86.ActiveCfg = Debug|Any CPU
		{82DA1FF9-DA11-430D-A11D-06C20245FAA5}.Debug|x86.Build.0 = Debug|Any CPU
		{82DA1FF9-DA11-430D-A11D-06C20245FAA5}.Release|Any CPU.ActiveCfg = Release|Any CPU
		{82DA1FF9-DA11-430D-A11D-06C20245FAA5}.Release|Any CPU.Build.0 = Release|Any CPU
		{82DA1FF9-DA11-430D-A11D-06C20245FAA5}.Release|x64.ActiveCfg = Release|Any CPU
		{82DA1FF9-DA11-430D-A11D-06C20245FAA5}.Release|x64.Build.0 = Release|Any CPU
		{82DA1FF9-DA11-430D-A11D-06C20245FAA5}.Release|x86.ActiveCfg = Release|Any CPU
		{82DA1FF9-DA11-430D-A11D-06C20245FAA5}.Release|x86.Build.0 = Release|Any CPU
	EndGlobalSection
	GlobalSection(SolutionProperties) = preSolution
		HideSolutionNode = FALSE
	EndGlobalSection
	GlobalSection(NestedProjects) = preSolution
		{4247E5B3-9178-4EAE-90AB-B77E2A561B9B} = {827E0CD3-B72D-47B6-A68D-7590B98EB39B}
		{0A30B321-CD08-425D-B65B-47DFDC9CDA71} = {827E0CD3-B72D-47B6-A68D-7590B98EB39B}
		{B57181C6-D994-4D44-90AE-CDEB0F5D66FA} = {827E0CD3-B72D-47B6-A68D-7590B98EB39B}
		{BC631367-34E5-434B-BAEC-A7CB8F4C72C2} = {827E0CD3-B72D-47B6-A68D-7590B98EB39B}
		{2433C1E4-DF7A-4225-9660-0CE9AA3916B6} = {0AB3BF05-4346-4AA6-1389-037BE0695223}
		{D242B942-C0F6-475C-B390-DC76A1F94F50} = {0AB3BF05-4346-4AA6-1389-037BE0695223}
		{212941DB-6C59-4A71-AB03-68F39C0B712E} = {0AB3BF05-4346-4AA6-1389-037BE0695223}
		{82DA1FF9-DA11-430D-A11D-06C20245FAA5} = {07C2787E-EAC7-C090-1BA3-A61EC2A24D84}
	EndGlobalSection
EndGlobal
